
Microsoft Visual Studio Solution File, Format Version 12.00
# Visual Studio Version 16
VisualStudioVersion = 16.0.30114.105
MinimumVisualStudioVersion = 10.0.40219.1
Project("{FAE04EC0-301F-11D3-BF4B-00C04F79EFBC}") = "UpworkRss.Web", "UpworkRss.Web\UpworkRss.Web.csproj", "{3ED5FE71-0AEB-4038-9C72-6E801EA61CEC}"
EndProject
Project("{FAE04EC0-301F-11D3-BF4B-00C04F79EFBC}") = "UpworkRss.Background", "UpworkRss.Background\UpworkRss.Background.csproj", "{B59BE256-CA5C-4BD5-B4BA-8603297F5E57}"
EndProject
Global
	GlobalSection(SolutionConfigurationPlatforms) = preSolution
		Debug|Any CPU = Debug|Any CPU
		Release|Any CPU = Release|Any CPU
	EndGlobalSection
	GlobalSection(SolutionProperties) = preSolution
		HideSolutionNode = FALSE
	EndGlobalSection
	GlobalSection(ProjectConfigurationPlatforms) = postSolution
		{3ED5FE71-0AEB-4038-9C72-6E801EA61CEC}.Debug|Any CPU.ActiveCfg = Debug|Any CPU
		{3ED5FE71-0AEB-4038-9C72-6E801EA61CEC}.Debug|Any CPU.Build.0 = Debug|Any CPU
		{3ED5FE71-0AEB-4038-9C72-6E801EA61CEC}.Release|Any CPU.ActiveCfg = Release|Any CPU
		{3ED5FE71-0AEB-4038-9C72-6E801EA61CEC}.Release|Any CPU.Build.0 = Release|Any CPU
		{B59BE256-CA5C-4BD5-B4BA-8603297F5E57}.Debug|Any CPU.ActiveCfg = Debug|Any CPU
		{B59BE256-CA5C-4BD5-B4BA-8603297F5E57}.Debug|Any CPU.Build.0 = Debug|Any CPU
		{B59BE256-CA5C-4BD5-B4BA-8603297F5E57}.Release|Any CPU.ActiveCfg = Release|Any CPU
		{B59BE256-CA5C-4BD5-B4BA-8603297F5E57}.Release|Any CPU.Build.0 = Release|Any CPU
	EndGlobalSection
EndGlobal
